
Microsoft Visual Studio Solution File, Format Version 12.00
# Visual Studio Version 17
VisualStudioVersion = 17.4.33205.214
MinimumVisualStudioVersion = 10.0.40219.1
Project("{FAE04EC0-301F-11D3-BF4B-00C04F79EFBC}") = "App.DAL", "App.DAL\App.DAL.csproj", "{B071F287-21CE-4CED-A04D-E830975B0003}"
EndProject
Project("{FAE04EC0-301F-11D3-BF4B-00C04F79EFBC}") = "App.API", "App.API\App.API.csproj", "{4F287364-C552-465A-8A7C-F1EDCFBB0E82}"
EndProject
Global
	GlobalSection(SolutionConfigurationPlatforms) = preSolution
		Debug|Any CPU = Debug|Any CPU
		Release|Any CPU = Release|Any CPU
	EndGlobalSection
	GlobalSection(ProjectConfigurationPlatforms) = postSolution
		{B071F287-21CE-4CED-A04D-E830975B0003}.Debug|Any CPU.ActiveCfg = Debug|Any CPU
		{B071F287-21CE-4CED-A04D-E830975B0003}.Debug|Any CPU.Build.0 = Debug|Any CPU
		{B071F287-21CE-4CED-A04D-E830975B0003}.Release|Any CPU.ActiveCfg = Release|Any CPU
		{B071F287-21CE-4CED-A04D-E830975B0003}.Release|Any CPU.Build.0 = Release|Any CPU
		{4F287364-C552-465A-8A7C-F1EDCFBB0E82}.Debug|Any CPU.ActiveCfg = Debug|Any CPU
		{4F287364-C552-465A-8A7C-F1EDCFBB0E82}.Debug|Any CPU.Build.0 = Debug|Any CPU
		{4F287364-C552-465A-8A7C-F1EDCFBB0E82}.Release|Any CPU.ActiveCfg = Release|Any CPU
		{4F287364-C552-465A-8A7C-F1EDCFBB0E82}.Release|Any CPU.Build.0 = Release|Any CPU
	EndGlobalSection
	GlobalSection(SolutionProperties) = preSolution
		HideSolutionNode = FALSE
	EndGlobalSection
	GlobalSection(ExtensibilityGlobals) = postSolution
		SolutionGuid = {2F57A167-335E-4E2C-BC78-670075F13723}
	EndGlobalSection
EndGlobal
